{
  "object": {
    "pins": [
      {
        "package": "Dunesailer Utilities",
        "repositoryURL": "https://github.com/dunesailer/Utilities.git",
        "state": {
          "branch": null,
          "revision": "7d5da8b06a4f228f021169c1d089fafdcaa5cabb",
          "version": "0.1.0"
        }
      }
    ]
  },
  "version": 1
}
