{
  "object": {
    "pins": [
      {
        "package": "Dunesailer Utilities",
        "repositoryURL": "https://github.com/dunesailer/Utilities.git",
        "state": {
          "branch": null,
          "revision": "e6790e52b3bfbf21f3ba3926c45fa8691d0f605a",
          "version": "2.0.4"
        }
      }
    ]
  },
  "version": 1
}
