{
  "object": {
    "pins": [
      {
        "package": "ControlledChaos",
        "repositoryURL": "https://github.com/btfranklin/ControlledChaos",
        "state": {
          "branch": null,
          "revision": "db25dd8dd1a17a7fdc47b3c1b3b9fc396548002c",
          "version": "1.1.0"
        }
      }
    ]
  },
  "version": 1
}
